
Microsoft Visual Studio Solution File, Format Version 12.00
# Visual Studio Version 16
VisualStudioVersion = 16.0.32413.511
MinimumVisualStudioVersion = 10.0.40219.1
Project("{FAE04EC0-301F-11D3-BF4B-00C04F79EFBC}") = "AIStringExtractor", "AIStringExtractor\AIStringExtractor.csproj", "{8AE84717-49A8-473B-A380-A656334A8535}"
EndProject
Global
	GlobalSection(SolutionConfigurationPlatforms) = preSolution
		Debug|Any CPU = Debug|Any CPU
		Release|Any CPU = Release|Any CPU
	EndGlobalSection
	GlobalSection(ProjectConfigurationPlatforms) = postSolution
		{8AE84717-49A8-473B-A380-A656334A8535}.Debug|Any CPU.ActiveCfg = Debug|Any CPU
		{8AE84717-49A8-473B-A380-A656334A8535}.Debug|Any CPU.Build.0 = Debug|Any CPU
		{8AE84717-49A8-473B-A380-A656334A8535}.Release|Any CPU.ActiveCfg = Release|Any CPU
		{8AE84717-49A8-473B-A380-A656334A8535}.Release|Any CPU.Build.0 = Release|Any CPU
	EndGlobalSection
	GlobalSection(SolutionProperties) = preSolution
		HideSolutionNode = FALSE
	EndGlobalSection
	GlobalSection(ExtensibilityGlobals) = postSolution
		SolutionGuid = {1856461C-6378-4AF5-B271-6438E27184D2}
	EndGlobalSection
EndGlobal
